{
  "name": "hw4-nodejs-rohv25",
  "version": "1.0.0",
  "lockfileVersion": 2,
  "requires": true,
  "packages": {
    "": {
      "name": "hw4-nodejs-rohv25",
      "version": "1.0.0",
      "license": "ISC",
      "dependencies": {
        "fs": "0.0.1-security",
        "pig-latin": "^2.0.2",
        "poker-evaluator": "^2.0.5",
        "readline-sync": "^1.4.10",
        "sentiment": "^5.0.2",
        "statistics": "^3.3.0"
      }
    },
    "node_modules/@types/node": {
      "version": "13.13.52",
      "resolved": "https://registry.npmjs.org/@types/node/-/node-13.13.52.tgz",
      "integrity": "sha512-s3nugnZumCC//n4moGGe6tkNMyYEdaDBitVjwPxXmR5lnMG5dHePinH2EdxkG3Rh1ghFHHixAG4NJhpJW1rthQ=="
    },
    "node_modules/fs": {
      "version": "0.0.1-security",
      "resolved": "https://registry.npmjs.org/fs/-/fs-0.0.1-security.tgz",
      "integrity": "sha512-3XY9e1pP0CVEUCdj5BmfIZxRBTSDycnbqhIOGec9QYtmVH2fbLpj86CFWkrNOkt/Fvty4KZG5lTglL9j/gJ87w=="
    },
    "node_modules/lodash": {
      "version": "2.4.2",
      "resolved": "https://registry.npmjs.org/lodash/-/lodash-2.4.2.tgz",
      "integrity": "sha512-Kak1hi6/hYHGVPmdyiZijoQyz5x2iGVzs6w9GYB/HiXEtylY7tIoYEROMjvM1d9nXJqPOrG2MNPMn01bJ+S0Rw==",
      "engines": [
        "node",
        "rhino"
      ]
    },
    "node_modules/pig-latin": {
      "version": "2.0.2",
      "resolved": "https://registry.npmjs.org/pig-latin/-/pig-latin-2.0.2.tgz",
      "integrity": "sha512-onRcvSDIjTtlkv1hcI2LEXQ2GQNysuqS7pPR5m6Fo7k3hLHqDAb5Z/2iFDa/tpyUjBli6KdD6zg1pGSIhldbtg==",
      "dependencies": {
        "lodash": "^2.4.1"
      }
    },
    "node_modules/poker-evaluator": {
      "version": "2.0.5",
      "resolved": "https://registry.npmjs.org/poker-evaluator/-/poker-evaluator-2.0.5.tgz",
      "integrity": "sha512-3RwPXLaZHbVnjRxgK5pfCdQN1NpEo9h0Er4afJlfjHS10m3kWeNcm0aSnR1mFS5giGcLuI83Hc7pgY8GS8DkBA==",
      "dependencies": {
        "@types/node": "^13.1.6",
        "tslib": "^1.10.0",
        "typescript": "^3.7.4"
      },
      "engines": {
        "node": ">= 0.6.0"
      }
    },
    "node_modules/readline-sync": {
      "version": "1.4.10",
      "resolved": "https://registry.npmjs.org/readline-sync/-/readline-sync-1.4.10.tgz",
      "integrity": "sha512-gNva8/6UAe8QYepIQH/jQ2qn91Qj0B9sYjMBBs3QOB8F2CXcKgLxQaJRP76sWVRQt+QU+8fAkCbCvjjMFu7Ycw==",
      "engines": {
        "node": ">= 0.8.0"
      }
    },
    "node_modules/sentiment": {
      "version": "5.0.2",
      "resolved": "https://registry.npmjs.org/sentiment/-/sentiment-5.0.2.tgz",
      "integrity": "sha512-ZeC3y0JsOYTdwujt5uOd7ILJNilbgFzUtg/LEG4wUv43LayFNLZ28ec8+Su+h3saHlJmIwYxBzfDHHZuiMA15g==",
      "engines": {
        "node": ">=8.0"
      }
    },
    "node_modules/statistics": {
      "version": "3.3.0",
      "resolved": "https://registry.npmjs.org/statistics/-/statistics-3.3.0.tgz",
      "integrity": "sha512-9+dmo0XcSK1AU6/uNuSUV/9/KnGUT+7ZKeL+J4IWcjcczflFTWwYQaInBBSo2zyEFVkFd59bGVxzZ8SSBWC66g=="
    },
    "node_modules/tslib": {
      "version": "1.14.1",
      "resolved": "https://registry.npmjs.org/tslib/-/tslib-1.14.1.tgz",
      "integrity": "sha512-Xni35NKzjgMrwevysHTCArtLDpPvye8zV/0E4EyYn43P7/7qvQwPh9BGkHewbMulVntbigmcT7rdX3BNo9wRJg=="
    },
    "node_modules/typescript": {
      "version": "3.9.10",
      "resolved": "https://registry.npmjs.org/typescript/-/typescript-3.9.10.tgz",
      "integrity": "sha512-w6fIxVE/H1PkLKcCPsFqKE7Kv7QUwhU8qQY2MueZXWx5cPZdwFupLgKK3vntcK98BtNHZtAF4LA/yl2a7k8R6Q==",
      "bin": {
        "tsc": "bin/tsc",
        "tsserver": "bin/tsserver"
      },
      "engines": {
        "node": ">=4.2.0"
      }
    }
  },
  "dependencies": {
    "@types/node": {
      "version": "13.13.52",
      "resolved": "https://registry.npmjs.org/@types/node/-/node-13.13.52.tgz",
      "integrity": "sha512-s3nugnZumCC//n4moGGe6tkNMyYEdaDBitVjwPxXmR5lnMG5dHePinH2EdxkG3Rh1ghFHHixAG4NJhpJW1rthQ=="
    },
    "fs": {
      "version": "0.0.1-security",
      "resolved": "https://registry.npmjs.org/fs/-/fs-0.0.1-security.tgz",
      "integrity": "sha512-3XY9e1pP0CVEUCdj5BmfIZxRBTSDycnbqhIOGec9QYtmVH2fbLpj86CFWkrNOkt/Fvty4KZG5lTglL9j/gJ87w=="
    },
    "lodash": {
      "version": "2.4.2",
      "resolved": "https://registry.npmjs.org/lodash/-/lodash-2.4.2.tgz",
      "integrity": "sha512-Kak1hi6/hYHGVPmdyiZijoQyz5x2iGVzs6w9GYB/HiXEtylY7tIoYEROMjvM1d9nXJqPOrG2MNPMn01bJ+S0Rw=="
    },
    "pig-latin": {
      "version": "2.0.2",
      "resolved": "https://registry.npmjs.org/pig-latin/-/pig-latin-2.0.2.tgz",
      "integrity": "sha512-onRcvSDIjTtlkv1hcI2LEXQ2GQNysuqS7pPR5m6Fo7k3hLHqDAb5Z/2iFDa/tpyUjBli6KdD6zg1pGSIhldbtg==",
      "requires": {
        "lodash": "^2.4.1"
      }
    },
    "poker-evaluator": {
      "version": "2.0.5",
      "resolved": "https://registry.npmjs.org/poker-evaluator/-/poker-evaluator-2.0.5.tgz",
      "integrity": "sha512-3RwPXLaZHbVnjRxgK5pfCdQN1NpEo9h0Er4afJlfjHS10m3kWeNcm0aSnR1mFS5giGcLuI83Hc7pgY8GS8DkBA==",
      "requires": {
        "@types/node": "^13.1.6",
        "tslib": "^1.10.0",
        "typescript": "^3.7.4"
      }
    },
    "readline-sync": {
      "version": "1.4.10",
      "resolved": "https://registry.npmjs.org/readline-sync/-/readline-sync-1.4.10.tgz",
      "integrity": "sha512-gNva8/6UAe8QYepIQH/jQ2qn91Qj0B9sYjMBBs3QOB8F2CXcKgLxQaJRP76sWVRQt+QU+8fAkCbCvjjMFu7Ycw=="
    },
    "sentiment": {
      "version": "5.0.2",
      "resolved": "https://registry.npmjs.org/sentiment/-/sentiment-5.0.2.tgz",
      "integrity": "sha512-ZeC3y0JsOYTdwujt5uOd7ILJNilbgFzUtg/LEG4wUv43LayFNLZ28ec8+Su+h3saHlJmIwYxBzfDHHZuiMA15g=="
    },
    "statistics": {
      "version": "3.3.0",
      "resolved": "https://registry.npmjs.org/statistics/-/statistics-3.3.0.tgz",
      "integrity": "sha512-9+dmo0XcSK1AU6/uNuSUV/9/KnGUT+7ZKeL+J4IWcjcczflFTWwYQaInBBSo2zyEFVkFd59bGVxzZ8SSBWC66g=="
    },
    "tslib": {
      "version": "1.14.1",
      "resolved": "https://registry.npmjs.org/tslib/-/tslib-1.14.1.tgz",
      "integrity": "sha512-Xni35NKzjgMrwevysHTCArtLDpPvye8zV/0E4EyYn43P7/7qvQwPh9BGkHewbMulVntbigmcT7rdX3BNo9wRJg=="
    },
    "typescript": {
      "version": "3.9.10",
      "resolved": "https://registry.npmjs.org/typescript/-/typescript-3.9.10.tgz",
      "integrity": "sha512-w6fIxVE/H1PkLKcCPsFqKE7Kv7QUwhU8qQY2MueZXWx5cPZdwFupLgKK3vntcK98BtNHZtAF4LA/yl2a7k8R6Q=="
    }
  }
}
